
Microsoft Visual Studio Solution File, Format Version 12.00
# Visual Studio Version 17
VisualStudioVersion = 17.1.32421.90
MinimumVisualStudioVersion = 10.0.40219.1
Project("{FAE04EC0-301F-11D3-BF4B-00C04F79EFBC}") = "P2PFileSharing", "P2PFileSharing\P2PFileSharing.csproj", "{6540CB1A-67A0-4CDC-9947-A26B8B89B612}"
EndProject
Global
	GlobalSection(SolutionConfigurationPlatforms) = preSolution
		Debug|Any CPU = Debug|Any CPU
		Release|Any CPU = Release|Any CPU
	EndGlobalSection
	GlobalSection(ProjectConfigurationPlatforms) = postSolution
		{6540CB1A-67A0-4CDC-9947-A26B8B89B612}.Debug|Any CPU.ActiveCfg = Debug|Any CPU
		{6540CB1A-67A0-4CDC-9947-A26B8B89B612}.Debug|Any CPU.Build.0 = Debug|Any CPU
		{6540CB1A-67A0-4CDC-9947-A26B8B89B612}.Release|Any CPU.ActiveCfg = Release|Any CPU
		{6540CB1A-67A0-4CDC-9947-A26B8B89B612}.Release|Any CPU.Build.0 = Release|Any CPU
	EndGlobalSection
	GlobalSection(SolutionProperties) = preSolution
		HideSolutionNode = FALSE
	EndGlobalSection
	GlobalSection(ExtensibilityGlobals) = postSolution
		SolutionGuid = {DDCA1703-043F-47ED-9524-E063ADB918F6}
	EndGlobalSection
EndGlobal
